
Microsoft Visual Studio Solution File, Format Version 12.00
# Visual Studio Version 17
VisualStudioVersion = 17.7.34031.279
MinimumVisualStudioVersion = 10.0.40219.1
Project("{FAE04EC0-301F-11D3-BF4B-00C04F79EFBC}") = "PasteToMarkdownTable", "PasteToMarkdownTable\PasteToMarkdownTable.csproj", "{A09E9FD1-12EA-4E33-9E46-8250BC0CD032}"
EndProject
Global
	GlobalSection(SolutionConfigurationPlatforms) = preSolution
		Debug|Any CPU = Debug|Any CPU
		Release|Any CPU = Release|Any CPU
	EndGlobalSection
	GlobalSection(ProjectConfigurationPlatforms) = postSolution
		{A09E9FD1-12EA-4E33-9E46-8250BC0CD032}.Debug|Any CPU.ActiveCfg = Debug|Any CPU
		{A09E9FD1-12EA-4E33-9E46-8250BC0CD032}.Debug|Any CPU.Build.0 = Debug|Any CPU
		{A09E9FD1-12EA-4E33-9E46-8250BC0CD032}.Release|Any CPU.ActiveCfg = Release|Any CPU
		{A09E9FD1-12EA-4E33-9E46-8250BC0CD032}.Release|Any CPU.Build.0 = Release|Any CPU
	EndGlobalSection
	GlobalSection(SolutionProperties) = preSolution
		HideSolutionNode = FALSE
	EndGlobalSection
	GlobalSection(ExtensibilityGlobals) = postSolution
		SolutionGuid = {633E39CF-A612-4EAB-BA9C-4616C8E0134F}
	EndGlobalSection
EndGlobal
